
Microsoft Visual Studio Solution File, Format Version 12.00
# Visual Studio Version 16
VisualStudioVersion = 16.0.29503.13
MinimumVisualStudioVersion = 10.0.40219.1
Project("{2150E333-8FDC-42A3-9474-1A3956D46DE8}") = "Solution Items", "Solution Items", "{EF4A9CB1-3309-4630-9980-10A5E11D4101}"
	ProjectSection(SolutionItems) = preProject
		License.txt = License.txt
		README.md = README.md
	EndProjectSection
EndProject
Project("{9A19103F-16F7-4668-BE54-9A1E7A4F7556}") = "Swashbuckle.OData", "Swashbuckle.OData\Swashbuckle.OData.csproj", "{084CB0BA-38EF-4636-AB2D-2231C1082A92}"
EndProject
Global
	GlobalSection(SolutionConfigurationPlatforms) = preSolution
		Debug|Any CPU = Debug|Any CPU
		Release|Any CPU = Release|Any CPU
	EndGlobalSection
	GlobalSection(ProjectConfigurationPlatforms) = postSolution
		{084CB0BA-38EF-4636-AB2D-2231C1082A92}.Debug|Any CPU.ActiveCfg = Debug|Any CPU
		{084CB0BA-38EF-4636-AB2D-2231C1082A92}.Debug|Any CPU.Build.0 = Debug|Any CPU
		{084CB0BA-38EF-4636-AB2D-2231C1082A92}.Release|Any CPU.ActiveCfg = Release|Any CPU
		{084CB0BA-38EF-4636-AB2D-2231C1082A92}.Release|Any CPU.Build.0 = Release|Any CPU
	EndGlobalSection
	GlobalSection(SolutionProperties) = preSolution
		HideSolutionNode = FALSE
	EndGlobalSection
	GlobalSection(ExtensibilityGlobals) = postSolution
		SolutionGuid = {983EE360-06E5-4337-984D-E45669617C6B}
	EndGlobalSection
EndGlobal
